{
  "nodes": {
    "hcurl": {
      "flake": false,
      "locked": {
        "lastModified": 1788447551,
        "narHash": "sha256-FztKQGpvNXJDv7jL5aiu4iRZSyHoE8kHZzCebopvtdg=",
        "owner": "Reykudo",
        "repo": "hcurl",
        "rev": "14a333c8e0a12b64ab6863e2c149f07d301c6649",
        "type": "github"
      },
      "original": {
        "owner": "Reykudo",
        "repo": "hcurl",
        "rev": "14a333c8e0a12b64ab6863e2c149f07d301c6649",
        "type": "github"
      }
    },
    "nixpkgs": {
      "locked": {
        "lastModified": 1788372231,
        "narHash": "sha256-7aqErvrAEz/5OcPA5p3M+tVOqeYc4oJXkNIPXfCqxAw=",
        "owner": "nixos",
        "repo": "nixpkgs",
        "rev": "9387b3fcc0c23c86661636da63faabad4235a0a6",
        "type": "github"
      },
      "original": {
        "owner": "nixos",
        "ref": "nixpkgs-unstable",
        "repo": "nixpkgs",
        "type": "github"
      }
    },
    "root": {
      "inputs": {
        "hcurl": "hcurl",
        "nixpkgs": "nixpkgs"
      }
    }
  },
  "root": "root",
  "version": 7
}
